
Microsoft Visual Studio Solution File, Format Version 12.00
# Visual Studio 15
VisualStudioVersion = 15.0.28307.960
MinimumVisualStudioVersion = 10.0.40219.1
Project("{8BC9CEB8-8B4A-11D0-8D11-00A0C91BC942}") = "Dll2", "Dll2\Dll2.vcxproj", "{5E18090F-562C-4A5C-B777-DBEB8026DA3E}"
EndProject
Global
	GlobalSection(SolutionConfigurationPlatforms) = preSolution
		Debug|x64 = Debug|x64
		Debug|x86 = Debug|x86
		Release|x64 = Release|x64
		Release|x86 = Release|x86
	EndGlobalSection
	GlobalSection(ProjectConfigurationPlatforms) = postSolution
		{5E18090F-562C-4A5C-B777-DBEB8026DA3E}.Debug|x64.ActiveCfg = Debug|x64
		{5E18090F-562C-4A5C-B777-DBEB8026DA3E}.Debug|x64.Build.0 = Debug|x64
		{5E18090F-562C-4A5C-B777-DBEB8026DA3E}.Debug|x86.ActiveCfg = Debug|Win32
		{5E18090F-562C-4A5C-B777-DBEB8026DA3E}.Debug|x86.Build.0 = Debug|Win32
		{5E18090F-562C-4A5C-B777-DBEB8026DA3E}.Release|x64.ActiveCfg = Release|x64
		{5E18090F-562C-4A5C-B777-DBEB8026DA3E}.Release|x64.Build.0 = Release|x64
		{5E18090F-562C-4A5C-B777-DBEB8026DA3E}.Release|x86.ActiveCfg = Release|Win32
		{5E18090F-562C-4A5C-B777-DBEB8026DA3E}.Release|x86.Build.0 = Release|Win32
	EndGlobalSection
	GlobalSection(SolutionProperties) = preSolution
		HideSolutionNode = FALSE
	EndGlobalSection
	GlobalSection(ExtensibilityGlobals) = postSolution
		SolutionGuid = {DD5C5A89-B22D-4678-BC62-B7C19C68EAA0}
	EndGlobalSection
EndGlobal
